
Microsoft Visual Studio Solution File, Format Version 12.00
# Visual Studio 2012
Project("{FAE04EC0-301F-11D3-BF4B-00C04F79EFBC}") = "Aq.ExpressionJsonSerializer", "Aq.ExpressionJsonSerializer\Aq.ExpressionJsonSerializer.csproj", "{F6FD2AAC-7409-48A1-80C5-112CCAF4FA1A}"
EndProject
Project("{FAE04EC0-301F-11D3-BF4B-00C04F79EFBC}") = "Aq.ExpressionJsonSerializer.Tests", "Aq.ExpressionJsonSerializer.Tests\Aq.ExpressionJsonSerializer.Tests.csproj", "{348525AE-72C1-4250-81D2-79D244856F7C}"
EndProject
Global
	GlobalSection(SolutionConfigurationPlatforms) = preSolution
		Debug|Any CPU = Debug|Any CPU
		Release|Any CPU = Release|Any CPU
	EndGlobalSection
	GlobalSection(ProjectConfigurationPlatforms) = postSolution
		{F6FD2AAC-7409-48A1-80C5-112CCAF4FA1A}.Debug|Any CPU.ActiveCfg = Debug|Any CPU
		{F6FD2AAC-7409-48A1-80C5-112CCAF4FA1A}.Debug|Any CPU.Build.0 = Debug|Any CPU
		{F6FD2AAC-7409-48A1-80C5-112CCAF4FA1A}.Release|Any CPU.ActiveCfg = Release|Any CPU
		{F6FD2AAC-7409-48A1-80C5-112CCAF4FA1A}.Release|Any CPU.Build.0 = Release|Any CPU
		{348525AE-72C1-4250-81D2-79D244856F7C}.Debug|Any CPU.ActiveCfg = Debug|Any CPU
		{348525AE-72C1-4250-81D2-79D244856F7C}.Debug|Any CPU.Build.0 = Debug|Any CPU
		{348525AE-72C1-4250-81D2-79D244856F7C}.Release|Any CPU.ActiveCfg = Release|Any CPU
		{348525AE-72C1-4250-81D2-79D244856F7C}.Release|Any CPU.Build.0 = Release|Any CPU
	EndGlobalSection
	GlobalSection(SolutionProperties) = preSolution
		HideSolutionNode = FALSE
	EndGlobalSection
EndGlobal
