
Microsoft Visual Studio Solution File, Format Version 12.00
# Visual Studio Version 16
VisualStudioVersion = 16.0.30011.22
MinimumVisualStudioVersion = 10.0.40219.1
Project("{9A19103F-16F7-4668-BE54-9A1E7A4F7556}") = "Aq.ExpressionJsonSerializer", "Aq.ExpressionJsonSerializer\Aq.ExpressionJsonSerializer.csproj", "{F6FD2AAC-7409-48A1-80C5-112CCAF4FA1A}"
EndProject
Project("{9A19103F-16F7-4668-BE54-9A1E7A4F7556}") = "Aq.ExpressionJsonSerializer.Tests", "Aq.ExpressionJsonSerializer.Test\Aq.ExpressionJsonSerializer.Tests.csproj", "{98257E4E-4391-44E6-8FEA-8331B43221E0}"
EndProject
Global
	GlobalSection(SolutionConfigurationPlatforms) = preSolution
		Debug|Any CPU = Debug|Any CPU
		Release|Any CPU = Release|Any CPU
	EndGlobalSection
	GlobalSection(ProjectConfigurationPlatforms) = postSolution
		{F6FD2AAC-7409-48A1-80C5-112CCAF4FA1A}.Debug|Any CPU.ActiveCfg = Debug|Any CPU
		{F6FD2AAC-7409-48A1-80C5-112CCAF4FA1A}.Debug|Any CPU.Build.0 = Debug|Any CPU
		{F6FD2AAC-7409-48A1-80C5-112CCAF4FA1A}.Release|Any CPU.ActiveCfg = Release|Any CPU
		{F6FD2AAC-7409-48A1-80C5-112CCAF4FA1A}.Release|Any CPU.Build.0 = Release|Any CPU
		{98257E4E-4391-44E6-8FEA-8331B43221E0}.Debug|Any CPU.ActiveCfg = Debug|Any CPU
		{98257E4E-4391-44E6-8FEA-8331B43221E0}.Debug|Any CPU.Build.0 = Debug|Any CPU
		{98257E4E-4391-44E6-8FEA-8331B43221E0}.Release|Any CPU.ActiveCfg = Release|Any CPU
		{98257E4E-4391-44E6-8FEA-8331B43221E0}.Release|Any CPU.Build.0 = Release|Any CPU
	EndGlobalSection
	GlobalSection(SolutionProperties) = preSolution
		HideSolutionNode = FALSE
	EndGlobalSection
	GlobalSection(ExtensibilityGlobals) = postSolution
		SolutionGuid = {E579E7FD-CCD3-4849-95BF-9A743EBE4CCC}
	EndGlobalSection
EndGlobal
